// !$*UTF8*$!
{
	archiveVersion = 1;
	classes = {
	};
	objectVersion = 46;
	objects = {

/* Begin PBXBuildFile section */
		DB6DE3DF1D9003B5000D0F45 /* arithmetic.cpp in Sources */ = {isa = PBXBuildFile; fileRef = DB6DE3DD1D9003B5000D0F45 /* arithmetic.cpp */; };
		DB6DE3E11D9003BA000D0F45 /* main.cpp in Sources */ = {isa = PBXBuildFile; fileRef = DB6DE3E01D9003BA000D0F45 /* main.cpp */; };
/* End PBXBuildFile section */

/* Begin PBXCopyFilesBuildPhase section */
		DB6DE3C01D90013E000D0F45 /* CopyFiles */ = {
			isa = PBXCopyFilesBuildPhase;
			buildActionMask = 2147483647;
			dstPath = /usr/share/man/man1/;
			dstSubfolderSpec = 0;
			files = (
			);
			runOnlyForDeploymentPostprocessing = 1;
		};
/* End PBXCopyFilesBuildPhase section */

/* Begin PBXFileReference section */
		DB6DE3C21D90013E000D0F45 /* arithmetic */ = {isa = PBXFileReference; explicitFileType = "compiled.mach-o.executable"; includeInIndex = 0; path = arithmetic; sourceTree = BUILT_PRODUCTS_DIR; };
		DB6DE3DD1D9003B5000D0F45 /* arithmetic.cpp */ = {isa = PBXFileReference; fileEncoding = 4; lastKnownFileType = sourcecode.cpp.cpp; path = arithmetic.cpp; sourceTree = SOURCE_ROOT; };
		DB6DE3DE1D9003B5000D0F45 /* arithmetic.h */ = {isa = PBXFileReference; fileEncoding = 4; lastKnownFileType = sourcecode.c.h; path = arithmetic.h; sourceTree = SOURCE_ROOT; };
		DB6DE3E01D9003BA000D0F45 /* main.cpp */ = {isa = PBXFileReference; fileEncoding = 4; lastKnownFileType = sourcecode.cpp.cpp; name = main.cpp; path = console/main.cpp; sourceTree = SOURCE_ROOT; };
/* End PBXFileReference section */

/* Begin PBXFrameworksBuildPhase section */
		DB6DE3BF1D90013E000D0F45 /* Frameworks */ = {
			isa = PBXFrameworksBuildPhase;
			buildActionMask = 2147483647;
			files = (
			);
			runOnlyForDeploymentPostprocessing = 0;
		};
/* End PBXFrameworksBuildPhase section */

/* Begin PBXGroup section */
		DB6DE3B91D90013E000D0F45 = {
			isa = PBXGroup;
			children = (
				DB6DE3C41D90013E000D0F45 /* arithmetic */,
				DB6DE3C31D90013E000D0F45 /* Products */,
			);
			sourceTree = "<group>";
		};
		DB6DE3C31D90013E000D0F45 /* Products */ = {
			isa = PBXGroup;
			children = (
				DB6DE3C21D90013E000D0F45 /* arithmetic */,
			);
			name = Products;
			sourceTree = "<group>";
		};
		DB6DE3C41D90013E000D0F45 /* arithmetic */ = {
			isa = PBXGroup;
			children = (
				DB6DE3E01D9003BA000D0F45 /* main.cpp */,
				DB6DE3DD1D9003B5000D0F45 /* arithmetic.cpp */,
				DB6DE3DE1D9003B5000D0F45 /* arithmetic.h */,
			);
			path = arithmetic;
			sourceTree = "<group>";
		};
/* End PBXGroup section */

/* Begin PBXNativeTarget section */
		DB6DE3C11D90013E000D0F45 /* arithmetic */ = {
			isa = PBXNativeTarget;
			buildConfigurationList = DB6DE3C91D90013E000D0F45 /* Build configuration list for PBXNativeTarget "arithmetic" */;
			buildPhases = (
				DB6DE3BE1D90013E000D0F45 /* Sources */,
				DB6DE3BF1D90013E000D0F45 /* Frameworks */,
				DB6DE3C01D90013E000D0F45 /* CopyFiles */,
			);
			buildRules = (
			);
			dependencies = (
			);
			name = arithmetic;
			productName = arithmetic;
			productReference = DB6DE3C21D90013E000D0F45 /* arithmetic */;
			productType = "com.apple.product-type.tool";
		};
/* End PBXNativeTarget section */

/* Begin PBXProject section */
		DB6DE3BA1D90013E000D0F45 /* Project object */ = {
			isa = PBXProject;
			attributes = {
				LastUpgradeCheck = 0800;
				ORGANIZATIONNAME = wangyang;
				TargetAttributes = {
					DB6DE3C11D90013E000D0F45 = {
						CreatedOnToolsVersion = 8.0;
						DevelopmentTeam = V2DTUY5PQ8;
						ProvisioningStyle = Automatic;
					};
				};
			};
			buildConfigurationList = DB6DE3BD1D90013E000D0F45 /* Build configuration list for PBXProject "console" */;
			compatibilityVersion = "Xcode 3.2";
			developmentRegion = English;
			hasScannedForEncodings = 0;
			knownRegions = (
				en,
			);
			mainGroup = DB6DE3B91D90013E000D0F45;
			productRefGroup = DB6DE3C31D90013E000D0F45 /* Products */;
			projectDirPath = "";
			projectRoot = "";
			targets = (
				DB6DE3C11D90013E000D0F45 /* arithmetic */,
			);
		};
/* End PBXProject section */

/* Begin PBXSourcesBuildPhase section */
		DB6DE3BE1D90013E000D0F45 /* Sources */ = {
			isa = PBXSourcesBuildPhase;
			buildActionMask = 2147483647;
			files = (
				DB6DE3E11D9003BA000D0F45 /* main.cpp in Sources */,
				DB6DE3DF1D9003B5000D0F45 /* arithmetic.cpp in Sources */,
			);
			runOnlyForDeploymentPostprocessing = 0;
		};
/* End PBXSourcesBuildPhase section */

/* Begin XCBuildConfiguration section */
		DB6DE3C71D90013E000D0F45 /* Debug */ = {
			isa = XCBuildConfiguration;
			buildSettings = {
				ALWAYS_SEARCH_USER_PATHS = NO;
				CLANG_ANALYZER_NONNULL = YES;
				CLANG_CXX_LANGUAGE_STANDARD = "gnu++0x";
				CLANG_CXX_LIBRARY = "libc++";
				CLANG_ENABLE_MODULES = YES;
				CLANG_ENABLE_OBJC_ARC = YES;
				CLANG_WARN_BOOL_CONVERSION = YES;
				CLANG_WARN_CONSTANT_CONVERSION = YES;
				CLANG_WARN_DIRECT_OBJC_ISA_USAGE = YES_ERROR;
				CLANG_WARN_DOCUMENTATION_COMMENTS = YES;
				CLANG_WARN_EMPTY_BODY = YES;
				CLANG_WARN_ENUM_CONVERSION = YES;
				CLANG_WARN_INFINITE_RECURSION = YES;
				CLANG_WARN_INT_CONVERSION = YES;
				CLANG_WARN_OBJC_ROOT_CLASS = YES_ERROR;
				CLANG_WARN_SUSPICIOUS_MOVES = YES;
				CLANG_WARN_UNREACHABLE_CODE = YES;
				CLANG_WARN__DUPLICATE_METHOD_MATCH = YES;
				CODE_SIGN_IDENTITY = "-";
				COPY_PHASE_STRIP = NO;
				DEBUG_INFORMATION_FORMAT = dwarf;
				ENABLE_STRICT_OBJC_MSGSEND = YES;
				ENABLE_TESTABILITY = YES;
				GCC_C_LANGUAGE_STANDARD = gnu99;
				GCC_DYNAMIC_NO_PIC = NO;
				GCC_NO_COMMON_BLOCKS = YES;
				GCC_OPTIMIZATION_LEVEL = 0;
				GCC_PREPROCESSOR_DEFINITIONS = (
					"DEBUG=1",
					"$(inherited)",
				);
				GCC_WARN_64_TO_32_BIT_CONVERSION = YES;
				GCC_WARN_ABOUT_RETURN_TYPE = YES_ERROR;
				GCC_WARN_UNDECLARED_SELECTOR = YES;
				GCC_WARN_UNINITIALIZED_AUTOS = YES_AGGRESSIVE;
				GCC_WARN_UNUSED_FUNCTION = YES;
				GCC_WARN_UNUSED_VARIABLE = YES;
				MACOSX_DEPLOYMENT_TARGET = 10.11;
				MTL_ENABLE_DEBUG_INFO = YES;
				ONLY_ACTIVE_ARCH = YES;
				SDKROOT = macosx;
			};
			name = Debug;
		};
		DB6DE3C81D90013E000D0F45 /* Release */ = {
			isa = XCBuildConfiguration;
			buildSettings = {
				ALWAYS_SEARCH_USER_PATHS = NO;
				CLANG_ANALYZER_NONNULL = YES;
				CLANG_CXX_LANGUAGE_STANDARD = "gnu++0x";
				CLANG_CXX_LIBRARY = "libc++";
				CLANG_ENABLE_MODULES = YES;
				CLANG_ENABLE_OBJC_ARC = YES;
				CLANG_WARN_BOOL_CONVERSION = YES;
				CLANG_WARN_CONSTANT_CONVERSION = YES;
				CLANG_WARN_DIRECT_OBJC_ISA_USAGE = YES_ERROR;
				CLANG_WARN_DOCUMENTATION_COMMENTS = YES;
				CLANG_WARN_EMPTY_BODY = YES;
				CLANG_WARN_ENUM_CONVERSION = YES;
				CLANG_WARN_INFINITE_RECURSION = YES;
				CLANG_WARN_INT_CONVERSION = YES;
				CLANG_WARN_OBJC_ROOT_CLASS = YES_ERROR;
				CLANG_WARN_SUSPICIOUS_MOVES = YES;
				CLANG_WARN_UNREACHABLE_CODE = YES;
				CLANG_WARN__DUPLICATE_METHOD_MATCH = YES;
				CODE_SIGN_IDENTITY = "-";
				COPY_PHASE_STRIP = NO;
				DEBUG_INFORMATION_FORMAT = "dwarf-with-dsym";
				ENABLE_NS_ASSERTIONS = NO;
				ENABLE_STRICT_OBJC_MSGSEND = YES;
				GCC_C_LANGUAGE_STANDARD = gnu99;
				GCC_NO_COMMON_BLOCKS = YES;
				GCC_WARN_64_TO_32_BIT_CONVERSION = YES;
				GCC_WARN_ABOUT_RETURN_TYPE = YES_ERROR;
				GCC_WARN_UNDECLARED_SELECTOR = YES;
				GCC_WARN_UNINITIALIZED_AUTOS = YES_AGGRESSIVE;
				GCC_WARN_UNUSED_FUNCTION = YES;
				GCC_WARN_UNUSED_VARIABLE = YES;
				MACOSX_DEPLOYMENT_TARGET = 10.11;
				MTL_ENABLE_DEBUG_INFO = NO;
				SDKROOT = macosx;
			};
			name = Release;
		};
		DB6DE3CA1D90013E000D0F45 /* Debug */ = {
			isa = XCBuildConfiguration;
			buildSettings = {
				DEVELOPMENT_TEAM = V2DTUY5PQ8;
				HEADER_SEARCH_PATHS = "";
				INCLUDED_RECURSIVE_SEARCH_PATH_SUBDIRECTORIES = "";
				PRODUCT_NAME = "$(TARGET_NAME)";
				USER_HEADER_SEARCH_PATHS = ..;
			};
			name = Debug;
		};
		DB6DE3CB1D90013E000D0F45 /* Release */ = {
			isa = XCBuildConfiguration;
			buildSettings = {
				DEVELOPMENT_TEAM = V2DTUY5PQ8;
				HEADER_SEARCH_PATHS = "";
				INCLUDED_RECURSIVE_SEARCH_PATH_SUBDIRECTORIES = "";
				PRODUCT_NAME = "$(TARGET_NAME)";
				USER_HEADER_SEARCH_PATHS = ..;
			};
			name = Release;
		};
/* End XCBuildConfiguration section */

/* Begin XCConfigurationList section */
		DB6DE3BD1D90013E000D0F45 /* Build configuration list for PBXProject "console" */ = {
			isa = XCConfigurationList;
			buildConfigurations = (
				DB6DE3C71D90013E000D0F45 /* Debug */,
				DB6DE3C81D90013E000D0F45 /* Release */,
			);
			defaultConfigurationIsVisible = 0;
			defaultConfigurationName = Release;
		};
		DB6DE3C91D90013E000D0F45 /* Build configuration list for PBXNativeTarget "arithmetic" */ = {
			isa = XCConfigurationList;
			buildConfigurations = (
				DB6DE3CA1D90013E000D0F45 /* Debug */,
				DB6DE3CB1D90013E000D0F45 /* Release */,
			);
			defaultConfigurationIsVisible = 0;
			defaultConfigurationName = Release;
		};
/* End XCConfigurationList section */
	};
	rootObject = DB6DE3BA1D90013E000D0F45 /* Project object */;
}
